// !$*UTF8*$!
{
	archiveVersion = 1;
	classes = {
	};
	objectVersion = 46;
	objects = {
/* Begin PBXBuildFile section */
		0207DA581B56EA530066E2B4 /* Images.xcassets in Resources */ = {isa = PBXBuildFile; fileRef = 0207DA571B56EA530066E2B4 /* Images.xcassets */; };
		1D3623260D0F684500981E51 /* AppDelegate.m in Sources */ = {isa = PBXBuildFile; fileRef = 1D3623250D0F684500981E51 /* AppDelegate.m */; };
		1D60589B0D05DD56006BFB54 /* main.m in Sources */ = {isa = PBXBuildFile; fileRef = 29B97316FDCFA39411CA2CEA /* main.m */; };
		301BF552109A68D80062928A /* libCordova.a in Frameworks */ = {isa = PBXBuildFile; fileRef = 301BF535109A57CC0062928A /* libCordova.a */; };
		302D95F114D2391D003F00A1 /* MainViewController.m in Sources */ = {isa = PBXBuildFile; fileRef = 302D95EF14D2391D003F00A1 /* MainViewController.m */; };
		302D95F214D2391D003F00A1 /* MainViewController.xib in Resources */ = {isa = PBXBuildFile; fileRef = 302D95F014D2391D003F00A1 /* MainViewController.xib */; };
		3047A5121AB8059700498E2A /* build-debug.xcconfig in Resources */ = {isa = PBXBuildFile; fileRef = 3047A50F1AB8059700498E2A /* build-debug.xcconfig */; };
		3047A5131AB8059700498E2A /* build-release.xcconfig in Resources */ = {isa = PBXBuildFile; fileRef = 3047A5101AB8059700498E2A /* build-release.xcconfig */; };
		3047A5141AB8059700498E2A /* build.xcconfig in Resources */ = {isa = PBXBuildFile; fileRef = 3047A5111AB8059700498E2A /* build.xcconfig */; };
		6AFF5BF91D6E424B00AB3073 /* CDVLaunchScreen.storyboard in Resources */ = {isa = PBXBuildFile; fileRef = 6AFF5BF81D6E424B00AB3073 /* CDVLaunchScreen.storyboard */; };
		7376EE0B44F840559A11C6F9 /* libGoogleAnalyticsServices.a in Frameworks */ = {isa = PBXBuildFile; fileRef = D2F7405E94CA4B29A0FD032F /* libGoogleAnalyticsServices.a */; };
		3DAA5F2F542C4E8494A3601C /* GoogleAnalyticsPlugin.m in Sources */ = {isa = PBXBuildFile; fileRef = 339F8169104446D1977179AF /* GoogleAnalyticsPlugin.m */; };
		C234014892E448A18CE2C6CC /* SystemConfiguration.framework in Frameworks */ = {isa = PBXBuildFile; fileRef = 538AC8BF6FD14244AFB847C9 /* SystemConfiguration.framework */; };
		CF1DE58E30524C4999A17F00 /* CoreData.framework in Frameworks */ = {isa = PBXBuildFile; fileRef = C0EF0BD1CCF543B8B83762AD /* CoreData.framework */; };
		3AD8EC43B89043849DF20897 /* libsqlite3.dylib in Frameworks */ = {isa = PBXBuildFile; fileRef = E5293588E89A4478A57F7A08 /* libsqlite3.dylib */; };
		369DB9EA9BF24E85A3AA7B87 /* libz.dylib in Frameworks */ = {isa = PBXBuildFile; fileRef = 54E13F2AEB53444CADFF8883 /* libz.dylib */; };
		7BCD9B102F34479BB24D50CF /* ASAM.m in Sources */ = {isa = PBXBuildFile; fileRef = 507112C296D44F04925DDD0D /* ASAM.m */; };
		D3AB65137E5C4400A74ECF70 /* APPBadge.m in Sources */ = {isa = PBXBuildFile; fileRef = CF81A6BE75414908A0797E81 /* APPBadge.m */; };
		D422108AC7794AEAA5A95A14 /* Brightness.m in Sources */ = {isa = PBXBuildFile; fileRef = 642209F471B140938591A461 /* Brightness.m */; };
		1635AB0D52FB411AB6E12577 /* UIKit.framework in Frameworks */ = {isa = PBXBuildFile; fileRef = C9CDFF82569B45D98798E6E6 /* UIKit.framework */; settings = {ATTRIBUTES = (Weak, ); }; };
		DC2519BE9CC94AAD938EE0E5 /* CDVDevice.m in Sources */ = {isa = PBXBuildFile; fileRef = CF1AF640B1344120ABDA65DE /* CDVDevice.m */; };
		6A3DCDFB63F543BD887D1E7B /* libz.tbd in Frameworks */ = {isa = PBXBuildFile; fileRef = 93D54812B5964FB58E017E42 /* libz.tbd */; };
		136BB871035F411F82CB0DA4 /* CDVFile.m in Sources */ = {isa = PBXBuildFile; fileRef = DF07E40D14784B409DE40AD0 /* CDVFile.m */; };
		AAB1B2A895004DDE95CAE54C /* CDVLocalFilesystem.m in Sources */ = {isa = PBXBuildFile; fileRef = 753BD9FD31F34BCF9217D0D4 /* CDVLocalFilesystem.m */; };
		6840F895E7B14F6BA3F9CEEA /* CDVAssetLibraryFilesystem.m in Sources */ = {isa = PBXBuildFile; fileRef = F0466F92A5FF431B8ABADD33 /* CDVAssetLibraryFilesystem.m */; };
		4AC92F3AD3134CD6BEECE51E /* CDVFileTransfer.m in Sources */ = {isa = PBXBuildFile; fileRef = 22038C26937F4A72B50A03DE /* CDVFileTransfer.m */; };
		59B00D1D756F42A48A972714 /* CDVGlobalization.m in Sources */ = {isa = PBXBuildFile; fileRef = 8814459939FA4FC59BE3E52C /* CDVGlobalization.m */; };
		BD3C2B49CF3C4B519E8171BF /* CDVWKWebViewEngine.m in Sources */ = {isa = PBXBuildFile; fileRef = 334C46CDE9134249A67F60D3 /* CDVWKWebViewEngine.m */; };
		F79D2E7738164CAD943D9AEC /* CDVWKWebViewUIDelegate.m in Sources */ = {isa = PBXBuildFile; fileRef = AF5C6AAB0603412E86479BE9 /* CDVWKWebViewUIDelegate.m */; };
		86D43CAC2A5447479B355DEC /* CDVWKProcessPoolFactory.m in Sources */ = {isa = PBXBuildFile; fileRef = 8DC3A45F27A04128B80CEDE4 /* CDVWKProcessPoolFactory.m */; };
		4AFE431C90534267A2A61291 /* GCDWebServer.m in Sources */ = {isa = PBXBuildFile; fileRef = 5C39A9CC964F48EB815C0D8B /* GCDWebServer.m */; };
		8402E469846444DD9B673A0A /* GCDWebServerConnection.m in Sources */ = {isa = PBXBuildFile; fileRef = BD1E6AE0F6CD4FB4989D5ED0 /* GCDWebServerConnection.m */; };
		9F0A39179CA44D8084AAE819 /* GCDWebServerFunctions.m in Sources */ = {isa = PBXBuildFile; fileRef = D6D19016E8C14ABB9267310A /* GCDWebServerFunctions.m */; };
		082D79EBE623466CA313A9DE /* GCDWebServerRequest.m in Sources */ = {isa = PBXBuildFile; fileRef = 58BFB0899A9E4504854FD93C /* GCDWebServerRequest.m */; };
		A8A152C594C84194A1CED357 /* GCDWebServerResponse.m in Sources */ = {isa = PBXBuildFile; fileRef = EBC4D61B9F7942AB99B61F60 /* GCDWebServerResponse.m */; };
		366042B6EAC44791998F8DB1 /* GCDWebServerDataRequest.m in Sources */ = {isa = PBXBuildFile; fileRef = 438AFF9F5FC94E26ACC609D4 /* GCDWebServerDataRequest.m */; };
		F4B47DBFC50E47EF8D4AF11F /* GCDWebServerFileRequest.m in Sources */ = {isa = PBXBuildFile; fileRef = 172857FC71C64BFCB254B848 /* GCDWebServerFileRequest.m */; };
		EAA2F78188FE4165BB7A5C8E /* GCDWebServerMultiPartFormRequest.m in Sources */ = {isa = PBXBuildFile; fileRef = 8D7B974FBFED4D5186226166 /* GCDWebServerMultiPartFormRequest.m */; };
		DCF94CA02112408B8BD52C03 /* GCDWebServerURLEncodedFormRequest.m in Sources */ = {isa = PBXBuildFile; fileRef = F40F5255540D422EA668305F /* GCDWebServerURLEncodedFormRequest.m */; };
		29E8FBC68315460DB68413CC /* GCDWebServerDataResponse.m in Sources */ = {isa = PBXBuildFile; fileRef = 30BE2A0EDD974AD3998EE79C /* GCDWebServerDataResponse.m */; };
		7E8374D187DD4FA3B0B1F63F /* GCDWebServerErrorResponse.m in Sources */ = {isa = PBXBuildFile; fileRef = 0D6511A0075B4514A21CD727 /* GCDWebServerErrorResponse.m */; };
		C7A80E5C226B475DA8A9D3FB /* GCDWebServerFileResponse.m in Sources */ = {isa = PBXBuildFile; fileRef = 1939788BA2204111B881289A /* GCDWebServerFileResponse.m */; };
		C50C3BD556274B5BB5DF4AC8 /* GCDWebServerStreamedResponse.m in Sources */ = {isa = PBXBuildFile; fileRef = 2BA453DC8C7D449FA5E5735A /* GCDWebServerStreamedResponse.m */; };
		90F0DF9274AA441ABB4863C5 /* WebKit.framework in Frameworks */ = {isa = PBXBuildFile; fileRef = 04629764220E41CD88391795 /* WebKit.framework */; settings = {ATTRIBUTES = (Weak, ); }; };
		26B7A4AF4CA14B52B23DD8F4 /* APPLocalNotification.m in Sources */ = {isa = PBXBuildFile; fileRef = 49CD33803EE94445AB6E6CD8 /* APPLocalNotification.m */; };
		61C6D6E38D3947A2BC0B6876 /* APPNotificationContent.m in Sources */ = {isa = PBXBuildFile; fileRef = EAFC47A9EB2344A8837B4962 /* APPNotificationContent.m */; };
		039C86CE9DD84C89955DFA54 /* APPNotificationOptions.m in Sources */ = {isa = PBXBuildFile; fileRef = A857161A6EE348528967FEC3 /* APPNotificationOptions.m */; };
		F113A8DF900045E49B932235 /* UNUserNotificationCenter+APPLocalNotification.m in Sources */ = {isa = PBXBuildFile; fileRef = 83FE40D31218445B86160418 /* UNUserNotificationCenter+APPLocalNotification.m */; };
		9B620C3F4A1A416C95278A8F /* UNNotificationRequest+APPLocalNotification.m in Sources */ = {isa = PBXBuildFile; fileRef = 2967185FF19A48D68D09E1A1 /* UNNotificationRequest+APPLocalNotification.m */; };
		DE86D0EBCD044FE99BECDCDA /* UserNotifications.framework in Frameworks */ = {isa = PBXBuildFile; fileRef = 78826C773E2E4127AE65E426 /* UserNotifications.framework */; };
		F59F4EDCCF7E4EEC9C22103E /* CoreLocation.framework in Frameworks */ = {isa = PBXBuildFile; fileRef = DF5A9ADDC3C04E73AEF4FFE0 /* CoreLocation.framework */; };
		A6666F2569E94B5CB34FD3A3 /* CDVSound.m in Sources */ = {isa = PBXBuildFile; fileRef = EA0C924831AC471BA0BED5AF /* CDVSound.m */; };
		5014F7BF55824C78887732DA /* NativeStorage.m in Sources */ = {isa = PBXBuildFile; fileRef = 565EDF6F2FC94DFAB7767C95 /* NativeStorage.m */; };
		3473C9FD61B04B6EBA5A10F5 /* CDVConnection.m in Sources */ = {isa = PBXBuildFile; fileRef = 6431AA1F245046AA952E8634 /* CDVConnection.m */; };
		1B054E8DEBFA4636827A91A6 /* CDVReachability.m in Sources */ = {isa = PBXBuildFile; fileRef = 24C2506E5B734FEBBF849381 /* CDVReachability.m */; };
		2B3A94A3D9334951989E7501 /* CoreTelephony.framework in Frameworks */ = {isa = PBXBuildFile; fileRef = 267C993B8450411F91C49268 /* CoreTelephony.framework */; };
		E8D693D00A604B929A020D98 /* CDVSplashScreen.m in Sources */ = {isa = PBXBuildFile; fileRef = A888E4BA78C14829A6EC2E40 /* CDVSplashScreen.m */; };
		926514D3573648EB937E3B4E /* CDVViewController+SplashScreen.m in Sources */ = {isa = PBXBuildFile; fileRef = A2FA18980ADE4C809F2E0578 /* CDVViewController+SplashScreen.m */; };
		3819708D5552406E95626FB0 /* SQLitePlugin.m in Sources */ = {isa = PBXBuildFile; fileRef = 48A5E9570ECE4AA6B2F3E12E /* SQLitePlugin.m */; };
		1758C3FCD7D441E1AB276CD8 /* PSPDFThreadSafeMutableDictionary.m in Sources */ = {isa = PBXBuildFile; fileRef = 8F96CF39BA714FD5BD2ECE89 /* PSPDFThreadSafeMutableDictionary.m */; settings = {COMPILER_FLAGS = "-w"; }; };
		B8941975A10F4E3E8F97DF5B /* sqlite3.c in Resources */ = {isa = PBXBuildFile; fileRef = 7E667687ACAF499A9B9DB70B /* sqlite3.c */; settings = {COMPILER_FLAGS = "-w -DSQLITE_THREADSAFE=1 -DSQLITE_DEFAULT_SYNCHRONOUS=3 -DSQLITE_DEFAULT_MEMSTATUS=0 -DSQLITE_OMIT_DECLTYPE -DSQLITE_OMIT_DEPRECATED -DSQLITE_OMIT_PROGRESS_CALLBACK -DSQLITE_OMIT_SHARED_CACHE -DSQLITE_TEMP_STORE=2 -DSQLITE_OMIT_LOAD_EXTENSION -DSQLITE_ENABLE_FTS3 -DSQLITE_ENABLE_FTS3_PARENTHESIS -DSQLITE_ENABLE_FTS4 -DSQLITE_ENABLE_RTREE -DSQLITE_DEFAULT_PAGE_SIZE=1024 -DSQLITE_DEFAULT_CACHE_SIZE=2000"; }; };
		3FE11239B74B4050AA8A0FAC /* IonicKeyboard.m in Sources */ = {isa = PBXBuildFile; fileRef = 72E96B1F9E0846C384C71104 /* IonicKeyboard.m */; };
/* End PBXBuildFile section */

/* Begin PBXContainerItemProxy section */
		301BF534109A57CC0062928A /* PBXContainerItemProxy */ = {
			isa = PBXContainerItemProxy;
			containerPortal = 301BF52D109A57CC0062928A /* CordovaLib.xcodeproj */;
			proxyType = 2;
			remoteGlobalIDString = D2AAC07E0554694100DB518D;
			remoteInfo = CordovaLib;
		};
		301BF550109A68C00062928A /* PBXContainerItemProxy */ = {
			isa = PBXContainerItemProxy;
			containerPortal = 301BF52D109A57CC0062928A /* CordovaLib.xcodeproj */;
			proxyType = 1;
			remoteGlobalIDString = D2AAC07D0554694100DB518D;
			remoteInfo = CordovaLib;
		};
/* End PBXContainerItemProxy section */

/* Begin PBXFileReference section */
		0207DA571B56EA530066E2B4 /* Images.xcassets */ = {isa = PBXFileReference; lastKnownFileType = folder.assetcatalog; name = Images.xcassets; path = "Gallo Pinto Calendar para Seniors/Images.xcassets"; sourceTree = SOURCE_ROOT; };
		1D3623240D0F684500981E51 /* AppDelegate.h */ = {isa = PBXFileReference; fileEncoding = 4; lastKnownFileType = sourcecode.c.h; path = AppDelegate.h; sourceTree = "<group>"; };
		1D3623250D0F684500981E51 /* AppDelegate.m */ = {isa = PBXFileReference; fileEncoding = 4; lastKnownFileType = sourcecode.c.objc; path = AppDelegate.m; sourceTree = "<group>"; };
		1D6058910D05DD3D006BFB54 /* Gallo Pinto Calendar para Seniors.app */ = {isa = PBXFileReference; explicitFileType = wrapper.application; includeInIndex = 0; path = "Gallo Pinto Calendar para Seniors.app"; sourceTree = BUILT_PRODUCTS_DIR; };
		29B97316FDCFA39411CA2CEA /* main.m */ = {isa = PBXFileReference; fileEncoding = 4; lastKnownFileType = sourcecode.c.objc; path = main.m; sourceTree = "<group>"; };
		301BF52D109A57CC0062928A /* CordovaLib.xcodeproj */ = {isa = PBXFileReference; lastKnownFileType = "wrapper.pb-project"; path = CordovaLib/CordovaLib.xcodeproj; sourceTree = "<group>"; };
		301BF56E109A69640062928A /* www */ = {isa = PBXFileReference; lastKnownFileType = folder; path = www; sourceTree = SOURCE_ROOT; };
		302D95EE14D2391D003F00A1 /* MainViewController.h */ = {isa = PBXFileReference; fileEncoding = 4; lastKnownFileType = sourcecode.c.h; path = MainViewController.h; sourceTree = "<group>"; };
		302D95EF14D2391D003F00A1 /* MainViewController.m */ = {isa = PBXFileReference; fileEncoding = 4; lastKnownFileType = sourcecode.c.objc; path = MainViewController.m; sourceTree = "<group>"; };
		302D95F014D2391D003F00A1 /* MainViewController.xib */ = {isa = PBXFileReference; fileEncoding = 4; lastKnownFileType = file.xib; path = MainViewController.xib; sourceTree = "<group>"; };
		3047A50F1AB8059700498E2A /* build-debug.xcconfig */ = {isa = PBXFileReference; fileEncoding = 4; lastKnownFileType = text.xcconfig; name = "build-debug.xcconfig"; path = cordova/build-debug.xcconfig; sourceTree = SOURCE_ROOT; };
		3047A5101AB8059700498E2A /* build-release.xcconfig */ = {isa = PBXFileReference; fileEncoding = 4; lastKnownFileType = text.xcconfig; name = "build-release.xcconfig"; path = cordova/build-release.xcconfig; sourceTree = SOURCE_ROOT; };
		3047A5111AB8059700498E2A /* build.xcconfig */ = {isa = PBXFileReference; fileEncoding = 4; lastKnownFileType = text.xcconfig; name = build.xcconfig; path = cordova/build.xcconfig; sourceTree = SOURCE_ROOT; };
		32CA4F630368D1EE00C91783 /* Gallo Pinto Calendar para Seniors-Prefix.pch */ = {isa = PBXFileReference; fileEncoding = 4; lastKnownFileType = sourcecode.c.h; path = "Gallo Pinto Calendar para Seniors-Prefix.pch"; sourceTree = "<group>"; };
		6AFF5BF81D6E424B00AB3073 /* CDVLaunchScreen.storyboard */ = {isa = PBXFileReference; fileEncoding = 4; lastKnownFileType = file.storyboard; name = CDVLaunchScreen.storyboard; path = "Gallo Pinto Calendar para Seniors/CDVLaunchScreen.storyboard"; sourceTree = SOURCE_ROOT; };
		8D1107310486CEB800E47090 /* Gallo Pinto Calendar para Seniors-Info.plist */ = {isa = PBXFileReference; fileEncoding = 4; lastKnownFileType = text.plist.xml; name = "Gallo Pinto Calendar para Seniors-Info.plist"; path = "Gallo Pinto Calendar para Seniors/Gallo Pinto Calendar para Seniors-Info.plist"; plistStructureDefinitionIdentifier = "com.apple.xcode.plist.structure-definition.iphone.info-plist"; sourceTree = SOURCE_ROOT; };
		EB87FDF31871DA8E0020F90C /* www */ = {isa = PBXFileReference; lastKnownFileType = folder; name = www; path = ../../www; sourceTree = "<group>"; };
		EB87FDF41871DAF40020F90C /* config.xml */ = {isa = PBXFileReference; lastKnownFileType = text.xml; name = config.xml; path = ../../config.xml; sourceTree = "<group>"; };
		F840E1F0165FE0F500CFE078 /* config.xml */ = {isa = PBXFileReference; lastKnownFileType = text.xml; name = config.xml; path = "Gallo Pinto Calendar para Seniors/config.xml"; sourceTree = "<group>"; };
		ED33DF2A687741AEAF9F8254 /* Bridging-Header.h */ = {isa = PBXFileReference; fileEncoding = 4; lastKnownFileType = sourcecode.c.h; name = "Bridging-Header.h"; path = "Bridging-Header.h"; sourceTree = "<group>"; };
		D2F7405E94CA4B29A0FD032F /* libGoogleAnalyticsServices.a */ = {isa = PBXFileReference; name = "libGoogleAnalyticsServices.a"; path = "Gallo Pinto Calendar para Seniors/Plugins/com.cmackay.plugins.googleanalytics/libGoogleAnalyticsServices.a"; sourceTree = "<group>"; fileEncoding = undefined; lastKnownFileType = archive.ar; explicitFileType = undefined; includeInIndex = 0; };
		339F8169104446D1977179AF /* GoogleAnalyticsPlugin.m */ = {isa = PBXFileReference; name = "GoogleAnalyticsPlugin.m"; path = "com.cmackay.plugins.googleanalytics/GoogleAnalyticsPlugin.m"; sourceTree = "<group>"; fileEncoding = 4; lastKnownFileType = sourcecode.c.objc; explicitFileType = undefined; includeInIndex = 0; };
		CD7B63AA9204493AA1D66765 /* GAI.h */ = {isa = PBXFileReference; name = "GAI.h"; path = "com.cmackay.plugins.googleanalytics/GAI.h"; sourceTree = "<group>"; fileEncoding = 4; lastKnownFileType = sourcecode.c.h; explicitFileType = undefined; includeInIndex = 0; };
		60F27BC8CEF24F2391E184F7 /* GAIDictionaryBuilder.h */ = {isa = PBXFileReference; name = "GAIDictionaryBuilder.h"; path = "com.cmackay.plugins.googleanalytics/GAIDictionaryBuilder.h"; sourceTree = "<group>"; fileEncoding = 4; lastKnownFileType = sourcecode.c.h; explicitFileType = undefined; includeInIndex = 0; };
		9B2118F6098A4280ABDA8CA2 /* GAIEcommerceFields.h */ = {isa = PBXFileReference; name = "GAIEcommerceFields.h"; path = "com.cmackay.plugins.googleanalytics/GAIEcommerceFields.h"; sourceTree = "<group>"; fileEncoding = 4; lastKnownFileType = sourcecode.c.h; explicitFileType = undefined; includeInIndex = 0; };
		164E7A4933D34984900E7EE8 /* GAIEcommerceProduct.h */ = {isa = PBXFileReference; name = "GAIEcommerceProduct.h"; path = "com.cmackay.plugins.googleanalytics/GAIEcommerceProduct.h"; sourceTree = "<group>"; fileEncoding = 4; lastKnownFileType = sourcecode.c.h; explicitFileType = undefined; includeInIndex = 0; };
		AE7A78B7922D4BA7AB1F1436 /* GAIEcommerceProductAction.h */ = {isa = PBXFileReference; name = "GAIEcommerceProductAction.h"; path = "com.cmackay.plugins.googleanalytics/GAIEcommerceProductAction.h"; sourceTree = "<group>"; fileEncoding = 4; lastKnownFileType = sourcecode.c.h; explicitFileType = undefined; includeInIndex = 0; };
		999EAD7D3D8446AABFDA0468 /* GAIEcommercePromotion.h */ = {isa = PBXFileReference; name = "GAIEcommercePromotion.h"; path = "com.cmackay.plugins.googleanalytics/GAIEcommercePromotion.h"; sourceTree = "<group>"; fileEncoding = 4; lastKnownFileType = sourcecode.c.h; explicitFileType = undefined; includeInIndex = 0; };
		C91664DF2A834704A88147F2 /* GAIFields.h */ = {isa = PBXFileReference; name = "GAIFields.h"; path = "com.cmackay.plugins.googleanalytics/GAIFields.h"; sourceTree = "<group>"; fileEncoding = 4; lastKnownFileType = sourcecode.c.h; explicitFileType = undefined; includeInIndex = 0; };
		7AA0431D62E84EFDBEB4EDC2 /* GAILogger.h */ = {isa = PBXFileReference; name = "GAILogger.h"; path = "com.cmackay.plugins.googleanalytics/GAILogger.h"; sourceTree = "<group>"; fileEncoding = 4; lastKnownFileType = sourcecode.c.h; explicitFileType = undefined; includeInIndex = 0; };
		CC548F2D288C41E3B8AB25B9 /* GAITrackedViewController.h */ = {isa = PBXFileReference; name = "GAITrackedViewController.h"; path = "com.cmackay.plugins.googleanalytics/GAITrackedViewController.h"; sourceTree = "<group>"; fileEncoding = 4; lastKnownFileType = sourcecode.c.h; explicitFileType = undefined; includeInIndex = 0; };
		ADA54568546B4BEFA8EB44A3 /* GAITracker.h */ = {isa = PBXFileReference; name = "GAITracker.h"; path = "com.cmackay.plugins.googleanalytics/GAITracker.h"; sourceTree = "<group>"; fileEncoding = 4; lastKnownFileType = sourcecode.c.h; explicitFileType = undefined; includeInIndex = 0; };
		EC48BE896DD846BAA7CFF0E7 /* GoogleAnalyticsPlugin.h */ = {isa = PBXFileReference; name = "GoogleAnalyticsPlugin.h"; path = "com.cmackay.plugins.googleanalytics/GoogleAnalyticsPlugin.h"; sourceTree = "<group>"; fileEncoding = 4; lastKnownFileType = sourcecode.c.h; explicitFileType = undefined; includeInIndex = 0; };
		538AC8BF6FD14244AFB847C9 /* SystemConfiguration.framework */ = {isa = PBXFileReference; name = "SystemConfiguration.framework"; path = "System/Library/Frameworks/SystemConfiguration.framework"; sourceTree = SDKROOT; fileEncoding = undefined; lastKnownFileType = wrapper.framework; explicitFileType = undefined; includeInIndex = 0; };
		C0EF0BD1CCF543B8B83762AD /* CoreData.framework */ = {isa = PBXFileReference; name = "CoreData.framework"; path = "System/Library/Frameworks/CoreData.framework"; sourceTree = SDKROOT; fileEncoding = undefined; lastKnownFileType = wrapper.framework; explicitFileType = undefined; includeInIndex = 0; };
		E5293588E89A4478A57F7A08 /* libsqlite3.dylib */ = {isa = PBXFileReference; name = "libsqlite3.dylib"; path = "usr/lib/libsqlite3.dylib"; sourceTree = SDKROOT; fileEncoding = undefined; lastKnownFileType = compiled.mach-o.dylib; explicitFileType = undefined; includeInIndex = 0; };
		54E13F2AEB53444CADFF8883 /* libz.dylib */ = {isa = PBXFileReference; name = "libz.dylib"; path = "usr/lib/libz.dylib"; sourceTree = SDKROOT; fileEncoding = undefined; lastKnownFileType = compiled.mach-o.dylib; explicitFileType = undefined; includeInIndex = 0; };
		507112C296D44F04925DDD0D /* ASAM.m */ = {isa = PBXFileReference; name = "ASAM.m"; path = "cordova-plugin-autonomous-single-app-mode/ASAM.m"; sourceTree = "<group>"; fileEncoding = 4; lastKnownFileType = sourcecode.c.objc; explicitFileType = undefined; includeInIndex = 0; };
		CF81A6BE75414908A0797E81 /* APPBadge.m */ = {isa = PBXFileReference; name = "APPBadge.m"; path = "cordova-plugin-badge/APPBadge.m"; sourceTree = "<group>"; fileEncoding = 4; lastKnownFileType = sourcecode.c.objc; explicitFileType = undefined; includeInIndex = 0; };
		1A1F5999BFBE457AAEBCF3F1 /* APPBadge.h */ = {isa = PBXFileReference; name = "APPBadge.h"; path = "cordova-plugin-badge/APPBadge.h"; sourceTree = "<group>"; fileEncoding = 4; lastKnownFileType = sourcecode.c.h; explicitFileType = undefined; includeInIndex = 0; };
		642209F471B140938591A461 /* Brightness.m */ = {isa = PBXFileReference; name = "Brightness.m"; path = "cordova-plugin-brightness/Brightness.m"; sourceTree = "<group>"; fileEncoding = 4; lastKnownFileType = sourcecode.c.objc; explicitFileType = undefined; includeInIndex = 0; };
		C6E15BFE7C31449E9BEBED8E /* Brightness.h */ = {isa = PBXFileReference; name = "Brightness.h"; path = "cordova-plugin-brightness/Brightness.h"; sourceTree = "<group>"; fileEncoding = 4; lastKnownFileType = sourcecode.c.h; explicitFileType = undefined; includeInIndex = 0; };
		C9CDFF82569B45D98798E6E6 /* UIKit.framework */ = {isa = PBXFileReference; name = "UIKit.framework"; path = "System/Library/Frameworks/UIKit.framework"; sourceTree = SDKROOT; fileEncoding = undefined; lastKnownFileType = wrapper.framework; explicitFileType = undefined; includeInIndex = 0; };
		CF1AF640B1344120ABDA65DE /* CDVDevice.m */ = {isa = PBXFileReference; name = "CDVDevice.m"; path = "cordova-plugin-device/CDVDevice.m"; sourceTree = "<group>"; fileEncoding = 4; lastKnownFileType = sourcecode.c.objc; explicitFileType = undefined; includeInIndex = 0; };
		54BCF1A0B96A499AAD53708F /* CDVDevice.h */ = {isa = PBXFileReference; name = "CDVDevice.h"; path = "cordova-plugin-device/CDVDevice.h"; sourceTree = "<group>"; fileEncoding = 4; lastKnownFileType = sourcecode.c.h; explicitFileType = undefined; includeInIndex = 0; };
		93D54812B5964FB58E017E42 /* libz.tbd */ = {isa = PBXFileReference; name = "libz.tbd"; path = "usr/lib/libz.tbd"; sourceTree = SDKROOT; fileEncoding = undefined; lastKnownFileType = sourcecode.text-based-dylib-definition; explicitFileType = undefined; includeInIndex = 0; };
		DF07E40D14784B409DE40AD0 /* CDVFile.m */ = {isa = PBXFileReference; name = "CDVFile.m"; path = "cordova-plugin-file/CDVFile.m"; sourceTree = "<group>"; fileEncoding = 4; lastKnownFileType = sourcecode.c.objc; explicitFileType = undefined; includeInIndex = 0; };
		753BD9FD31F34BCF9217D0D4 /* CDVLocalFilesystem.m */ = {isa = PBXFileReference; name = "CDVLocalFilesystem.m"; path = "cordova-plugin-file/CDVLocalFilesystem.m"; sourceTree = "<group>"; fileEncoding = 4; lastKnownFileType = sourcecode.c.objc; explicitFileType = undefined; includeInIndex = 0; };
		F0466F92A5FF431B8ABADD33 /* CDVAssetLibraryFilesystem.m */ = {isa = PBXFileReference; name = "CDVAssetLibraryFilesystem.m"; path = "cordova-plugin-file/CDVAssetLibraryFilesystem.m"; sourceTree = "<group>"; fileEncoding = 4; lastKnownFileType = sourcecode.c.objc; explicitFileType = undefined; includeInIndex = 0; };
		831B04584C58444B9755A4DA /* CDVFile.h */ = {isa = PBXFileReference; name = "CDVFile.h"; path = "cordova-plugin-file/CDVFile.h"; sourceTree = "<group>"; fileEncoding = 4; lastKnownFileType = sourcecode.c.h; explicitFileType = undefined; includeInIndex = 0; };
		4140F21421D94B0A9A314DE0 /* CDVLocalFilesystem.h */ = {isa = PBXFileReference; name = "CDVLocalFilesystem.h"; path = "cordova-plugin-file/CDVLocalFilesystem.h"; sourceTree = "<group>"; fileEncoding = 4; lastKnownFileType = sourcecode.c.h; explicitFileType = undefined; includeInIndex = 0; };
		735FAE9E38CA45E099F0E36F /* CDVAssetLibraryFilesystem.h */ = {isa = PBXFileReference; name = "CDVAssetLibraryFilesystem.h"; path = "cordova-plugin-file/CDVAssetLibraryFilesystem.h"; sourceTree = "<group>"; fileEncoding = 4; lastKnownFileType = sourcecode.c.h; explicitFileType = undefined; includeInIndex = 0; };
		22038C26937F4A72B50A03DE /* CDVFileTransfer.m */ = {isa = PBXFileReference; name = "CDVFileTransfer.m"; path = "cordova-plugin-file-transfer/CDVFileTransfer.m"; sourceTree = "<group>"; fileEncoding = 4; lastKnownFileType = sourcecode.c.objc; explicitFileType = undefined; includeInIndex = 0; };
		D6999A9941514C1DB79F7DA2 /* CDVFileTransfer.h */ = {isa = PBXFileReference; name = "CDVFileTransfer.h"; path = "cordova-plugin-file-transfer/CDVFileTransfer.h"; sourceTree = "<group>"; fileEncoding = 4; lastKnownFileType = sourcecode.c.h; explicitFileType = undefined; includeInIndex = 0; };
		8814459939FA4FC59BE3E52C /* CDVGlobalization.m */ = {isa = PBXFileReference; name = "CDVGlobalization.m"; path = "cordova-plugin-globalization/CDVGlobalization.m"; sourceTree = "<group>"; fileEncoding = 4; lastKnownFileType = sourcecode.c.objc; explicitFileType = undefined; includeInIndex = 0; };
		BEDFB87629234EFD81D2FB6E /* CDVGlobalization.h */ = {isa = PBXFileReference; name = "CDVGlobalization.h"; path = "cordova-plugin-globalization/CDVGlobalization.h"; sourceTree = "<group>"; fileEncoding = 4; lastKnownFileType = sourcecode.c.h; explicitFileType = undefined; includeInIndex = 0; };
		334C46CDE9134249A67F60D3 /* CDVWKWebViewEngine.m */ = {isa = PBXFileReference; name = "CDVWKWebViewEngine.m"; path = "cordova-plugin-ionic-webview/CDVWKWebViewEngine.m"; sourceTree = "<group>"; fileEncoding = 4; lastKnownFileType = sourcecode.c.objc; explicitFileType = undefined; includeInIndex = 0; };
		AF5C6AAB0603412E86479BE9 /* CDVWKWebViewUIDelegate.m */ = {isa = PBXFileReference; name = "CDVWKWebViewUIDelegate.m"; path = "cordova-plugin-ionic-webview/CDVWKWebViewUIDelegate.m"; sourceTree = "<group>"; fileEncoding = 4; lastKnownFileType = sourcecode.c.objc; explicitFileType = undefined; includeInIndex = 0; };
		8DC3A45F27A04128B80CEDE4 /* CDVWKProcessPoolFactory.m */ = {isa = PBXFileReference; name = "CDVWKProcessPoolFactory.m"; path = "cordova-plugin-ionic-webview/CDVWKProcessPoolFactory.m"; sourceTree = "<group>"; fileEncoding = 4; lastKnownFileType = sourcecode.c.objc; explicitFileType = undefined; includeInIndex = 0; };
		5C39A9CC964F48EB815C0D8B /* GCDWebServer.m */ = {isa = PBXFileReference; name = "GCDWebServer.m"; path = "cordova-plugin-ionic-webview/GCDWebServer.m"; sourceTree = "<group>"; fileEncoding = 4; lastKnownFileType = sourcecode.c.objc; explicitFileType = undefined; includeInIndex = 0; };
		BD1E6AE0F6CD4FB4989D5ED0 /* GCDWebServerConnection.m */ = {isa = PBXFileReference; name = "GCDWebServerConnection.m"; path = "cordova-plugin-ionic-webview/GCDWebServerConnection.m"; sourceTree = "<group>"; fileEncoding = 4; lastKnownFileType = sourcecode.c.objc; explicitFileType = undefined; includeInIndex = 0; };
		D6D19016E8C14ABB9267310A /* GCDWebServerFunctions.m */ = {isa = PBXFileReference; name = "GCDWebServerFunctions.m"; path = "cordova-plugin-ionic-webview/GCDWebServerFunctions.m"; sourceTree = "<group>"; fileEncoding = 4; lastKnownFileType = sourcecode.c.objc; explicitFileType = undefined; includeInIndex = 0; };
		58BFB0899A9E4504854FD93C /* GCDWebServerRequest.m */ = {isa = PBXFileReference; name = "GCDWebServerRequest.m"; path = "cordova-plugin-ionic-webview/GCDWebServerRequest.m"; sourceTree = "<group>"; fileEncoding = 4; lastKnownFileType = sourcecode.c.objc; explicitFileType = undefined; includeInIndex = 0; };
		EBC4D61B9F7942AB99B61F60 /* GCDWebServerResponse.m */ = {isa = PBXFileReference; name = "GCDWebServerResponse.m"; path = "cordova-plugin-ionic-webview/GCDWebServerResponse.m"; sourceTree = "<group>"; fileEncoding = 4; lastKnownFileType = sourcecode.c.objc; explicitFileType = undefined; includeInIndex = 0; };
		438AFF9F5FC94E26ACC609D4 /* GCDWebServerDataRequest.m */ = {isa = PBXFileReference; name = "GCDWebServerDataRequest.m"; path = "cordova-plugin-ionic-webview/GCDWebServerDataRequest.m"; sourceTree = "<group>"; fileEncoding = 4; lastKnownFileType = sourcecode.c.objc; explicitFileType = undefined; includeInIndex = 0; };
		172857FC71C64BFCB254B848 /* GCDWebServerFileRequest.m */ = {isa = PBXFileReference; name = "GCDWebServerFileRequest.m"; path = "cordova-plugin-ionic-webview/GCDWebServerFileRequest.m"; sourceTree = "<group>"; fileEncoding = 4; lastKnownFileType = sourcecode.c.objc; explicitFileType = undefined; includeInIndex = 0; };
		8D7B974FBFED4D5186226166 /* GCDWebServerMultiPartFormRequest.m */ = {isa = PBXFileReference; name = "GCDWebServerMultiPartFormRequest.m"; path = "cordova-plugin-ionic-webview/GCDWebServerMultiPartFormRequest.m"; sourceTree = "<group>"; fileEncoding = 4; lastKnownFileType = sourcecode.c.objc; explicitFileType = undefined; includeInIndex = 0; };
		F40F5255540D422EA668305F /* GCDWebServerURLEncodedFormRequest.m */ = {isa = PBXFileReference; name = "GCDWebServerURLEncodedFormRequest.m"; path = "cordova-plugin-ionic-webview/GCDWebServerURLEncodedFormRequest.m"; sourceTree = "<group>"; fileEncoding = 4; lastKnownFileType = sourcecode.c.objc; explicitFileType = undefined; includeInIndex = 0; };
		30BE2A0EDD974AD3998EE79C /* GCDWebServerDataResponse.m */ = {isa = PBXFileReference; name = "GCDWebServerDataResponse.m"; path = "cordova-plugin-ionic-webview/GCDWebServerDataResponse.m"; sourceTree = "<group>"; fileEncoding = 4; lastKnownFileType = sourcecode.c.objc; explicitFileType = undefined; includeInIndex = 0; };
		0D6511A0075B4514A21CD727 /* GCDWebServerErrorResponse.m */ = {isa = PBXFileReference; name = "GCDWebServerErrorResponse.m"; path = "cordova-plugin-ionic-webview/GCDWebServerErrorResponse.m"; sourceTree = "<group>"; fileEncoding = 4; lastKnownFileType = sourcecode.c.objc; explicitFileType = undefined; includeInIndex = 0; };
		1939788BA2204111B881289A /* GCDWebServerFileResponse.m */ = {isa = PBXFileReference; name = "GCDWebServerFileResponse.m"; path = "cordova-plugin-ionic-webview/GCDWebServerFileResponse.m"; sourceTree = "<group>"; fileEncoding = 4; lastKnownFileType = sourcecode.c.objc; explicitFileType = undefined; includeInIndex = 0; };
		2BA453DC8C7D449FA5E5735A /* GCDWebServerStreamedResponse.m */ = {isa = PBXFileReference; name = "GCDWebServerStreamedResponse.m"; path = "cordova-plugin-ionic-webview/GCDWebServerStreamedResponse.m"; sourceTree = "<group>"; fileEncoding = 4; lastKnownFileType = sourcecode.c.objc; explicitFileType = undefined; includeInIndex = 0; };
		D2EE9027B76749A0B9F050C8 /* CDVWKWebViewEngine.h */ = {isa = PBXFileReference; name = "CDVWKWebViewEngine.h"; path = "cordova-plugin-ionic-webview/CDVWKWebViewEngine.h"; sourceTree = "<group>"; fileEncoding = 4; lastKnownFileType = sourcecode.c.h; explicitFileType = undefined; includeInIndex = 0; };
		DD0FE0FABEDE4A6686FCBAFB /* CDVWKWebViewUIDelegate.h */ = {isa = PBXFileReference; name = "CDVWKWebViewUIDelegate.h"; path = "cordova-plugin-ionic-webview/CDVWKWebViewUIDelegate.h"; sourceTree = "<group>"; fileEncoding = 4; lastKnownFileType = sourcecode.c.h; explicitFileType = undefined; includeInIndex = 0; };
		2F288B26A9DC4DA7A1C8672F /* CDVWKProcessPoolFactory.h */ = {isa = PBXFileReference; name = "CDVWKProcessPoolFactory.h"; path = "cordova-plugin-ionic-webview/CDVWKProcessPoolFactory.h"; sourceTree = "<group>"; fileEncoding = 4; lastKnownFileType = sourcecode.c.h; explicitFileType = undefined; includeInIndex = 0; };
		F1CF6BF256AC4F44B95C6C25 /* GCDWebServer.h */ = {isa = PBXFileReference; name = "GCDWebServer.h"; path = "cordova-plugin-ionic-webview/GCDWebServer.h"; sourceTree = "<group>"; fileEncoding = 4; lastKnownFileType = sourcecode.c.h; explicitFileType = undefined; includeInIndex = 0; };
		A1910EBE46414468960C29F5 /* GCDWebServerConnection.h */ = {isa = PBXFileReference; name = "GCDWebServerConnection.h"; path = "cordova-plugin-ionic-webview/GCDWebServerConnection.h"; sourceTree = "<group>"; fileEncoding = 4; lastKnownFileType = sourcecode.c.h; explicitFileType = undefined; includeInIndex = 0; };
		C8D706FC7D0E4D4DA76CA068 /* GCDWebServerFunctions.h */ = {isa = PBXFileReference; name = "GCDWebServerFunctions.h"; path = "cordova-plugin-ionic-webview/GCDWebServerFunctions.h"; sourceTree = "<group>"; fileEncoding = 4; lastKnownFileType = sourcecode.c.h; explicitFileType = undefined; includeInIndex = 0; };
		675D096F227E46988A29A33D /* GCDWebServerHTTPStatusCodes.h */ = {isa = PBXFileReference; name = "GCDWebServerHTTPStatusCodes.h"; path = "cordova-plugin-ionic-webview/GCDWebServerHTTPStatusCodes.h"; sourceTree = "<group>"; fileEncoding = 4; lastKnownFileType = sourcecode.c.h; explicitFileType = undefined; includeInIndex = 0; };
		EA860067C6EF4B7BBFB23011 /* GCDWebServerPrivate.h */ = {isa = PBXFileReference; name = "GCDWebServerPrivate.h"; path = "cordova-plugin-ionic-webview/GCDWebServerPrivate.h"; sourceTree = "<group>"; fileEncoding = 4; lastKnownFileType = sourcecode.c.h; explicitFileType = undefined; includeInIndex = 0; };
		D64C71784E6D437AA7EE4A81 /* GCDWebServerRequest.h */ = {isa = PBXFileReference; name = "GCDWebServerRequest.h"; path = "cordova-plugin-ionic-webview/GCDWebServerRequest.h"; sourceTree = "<group>"; fileEncoding = 4; lastKnownFileType = sourcecode.c.h; explicitFileType = undefined; includeInIndex = 0; };
		A91203743DFA4739A32A9299 /* GCDWebServerResponse.h */ = {isa = PBXFileReference; name = "GCDWebServerResponse.h"; path = "cordova-plugin-ionic-webview/GCDWebServerResponse.h"; sourceTree = "<group>"; fileEncoding = 4; lastKnownFileType = sourcecode.c.h; explicitFileType = undefined; includeInIndex = 0; };
		60CFBA0BA64541D98CF0F860 /* GCDWebServerDataRequest.h */ = {isa = PBXFileReference; name = "GCDWebServerDataRequest.h"; path = "cordova-plugin-ionic-webview/GCDWebServerDataRequest.h"; sourceTree = "<group>"; fileEncoding = 4; lastKnownFileType = sourcecode.c.h; explicitFileType = undefined; includeInIndex = 0; };
		AE77397DB6DD4701992415EF /* GCDWebServerFileRequest.h */ = {isa = PBXFileReference; name = "GCDWebServerFileRequest.h"; path = "cordova-plugin-ionic-webview/GCDWebServerFileRequest.h"; sourceTree = "<group>"; fileEncoding = 4; lastKnownFileType = sourcecode.c.h; explicitFileType = undefined; includeInIndex = 0; };
		63D4E6B12D0B45349C445062 /* GCDWebServerMultiPartFormRequest.h */ = {isa = PBXFileReference; name = "GCDWebServerMultiPartFormRequest.h"; path = "cordova-plugin-ionic-webview/GCDWebServerMultiPartFormRequest.h"; sourceTree = "<group>"; fileEncoding = 4; lastKnownFileType = sourcecode.c.h; explicitFileType = undefined; includeInIndex = 0; };
		AEBA9A4996534791A330DFC7 /* GCDWebServerURLEncodedFormRequest.h */ = {isa = PBXFileReference; name = "GCDWebServerURLEncodedFormRequest.h"; path = "cordova-plugin-ionic-webview/GCDWebServerURLEncodedFormRequest.h"; sourceTree = "<group>"; fileEncoding = 4; lastKnownFileType = sourcecode.c.h; explicitFileType = undefined; includeInIndex = 0; };
		89B4EB10FA2D48E28D782DB2 /* GCDWebServerDataResponse.h */ = {isa = PBXFileReference; name = "GCDWebServerDataResponse.h"; path = "cordova-plugin-ionic-webview/GCDWebServerDataResponse.h"; sourceTree = "<group>"; fileEncoding = 4; lastKnownFileType = sourcecode.c.h; explicitFileType = undefined; includeInIndex = 0; };
		316758E40C1843239EDFB8A8 /* GCDWebServerErrorResponse.h */ = {isa = PBXFileReference; name = "GCDWebServerErrorResponse.h"; path = "cordova-plugin-ionic-webview/GCDWebServerErrorResponse.h"; sourceTree = "<group>"; fileEncoding = 4; lastKnownFileType = sourcecode.c.h; explicitFileType = undefined; includeInIndex = 0; };
		2234892B33C344E9B0B2526D /* GCDWebServerFileResponse.h */ = {isa = PBXFileReference; name = "GCDWebServerFileResponse.h"; path = "cordova-plugin-ionic-webview/GCDWebServerFileResponse.h"; sourceTree = "<group>"; fileEncoding = 4; lastKnownFileType = sourcecode.c.h; explicitFileType = undefined; includeInIndex = 0; };
		06A257E046D440248158C9DF /* GCDWebServerStreamedResponse.h */ = {isa = PBXFileReference; name = "GCDWebServerStreamedResponse.h"; path = "cordova-plugin-ionic-webview/GCDWebServerStreamedResponse.h"; sourceTree = "<group>"; fileEncoding = 4; lastKnownFileType = sourcecode.c.h; explicitFileType = undefined; includeInIndex = 0; };
		04629764220E41CD88391795 /* WebKit.framework */ = {isa = PBXFileReference; name = "WebKit.framework"; path = "System/Library/Frameworks/WebKit.framework"; sourceTree = SDKROOT; fileEncoding = undefined; lastKnownFileType = wrapper.framework; explicitFileType = undefined; includeInIndex = 0; };
		49CD33803EE94445AB6E6CD8 /* APPLocalNotification.m */ = {isa = PBXFileReference; name = "APPLocalNotification.m"; path = "cordova-plugin-local-notification/APPLocalNotification.m"; sourceTree = "<group>"; fileEncoding = 4; lastKnownFileType = sourcecode.c.objc; explicitFileType = undefined; includeInIndex = 0; };
		EAFC47A9EB2344A8837B4962 /* APPNotificationContent.m */ = {isa = PBXFileReference; name = "APPNotificationContent.m"; path = "cordova-plugin-local-notification/APPNotificationContent.m"; sourceTree = "<group>"; fileEncoding = 4; lastKnownFileType = sourcecode.c.objc; explicitFileType = undefined; includeInIndex = 0; };
		A857161A6EE348528967FEC3 /* APPNotificationOptions.m */ = {isa = PBXFileReference; name = "APPNotificationOptions.m"; path = "cordova-plugin-local-notification/APPNotificationOptions.m"; sourceTree = "<group>"; fileEncoding = 4; lastKnownFileType = sourcecode.c.objc; explicitFileType = undefined; includeInIndex = 0; };
		83FE40D31218445B86160418 /* UNUserNotificationCenter+APPLocalNotification.m */ = {isa = PBXFileReference; name = "UNUserNotificationCenter+APPLocalNotification.m"; path = "cordova-plugin-local-notification/UNUserNotificationCenter+APPLocalNotification.m"; sourceTree = "<group>"; fileEncoding = 4; lastKnownFileType = sourcecode.c.objc; explicitFileType = undefined; includeInIndex = 0; };
		2967185FF19A48D68D09E1A1 /* UNNotificationRequest+APPLocalNotification.m */ = {isa = PBXFileReference; name = "UNNotificationRequest+APPLocalNotification.m"; path = "cordova-plugin-local-notification/UNNotificationRequest+APPLocalNotification.m"; sourceTree = "<group>"; fileEncoding = 4; lastKnownFileType = sourcecode.c.objc; explicitFileType = undefined; includeInIndex = 0; };
		E0891FC597544B34B351165F /* APPLocalNotification.h */ = {isa = PBXFileReference; name = "APPLocalNotification.h"; path = "cordova-plugin-local-notification/APPLocalNotification.h"; sourceTree = "<group>"; fileEncoding = 4; lastKnownFileType = sourcecode.c.h; explicitFileType = undefined; includeInIndex = 0; };
		2BED2BF89996442787681EF3 /* APPNotificationContent.h */ = {isa = PBXFileReference; name = "APPNotificationContent.h"; path = "cordova-plugin-local-notification/APPNotificationContent.h"; sourceTree = "<group>"; fileEncoding = 4; lastKnownFileType = sourcecode.c.h; explicitFileType = undefined; includeInIndex = 0; };
		FA500B16B4EA4FBC8B83EDF8 /* APPNotificationOptions.h */ = {isa = PBXFileReference; name = "APPNotificationOptions.h"; path = "cordova-plugin-local-notification/APPNotificationOptions.h"; sourceTree = "<group>"; fileEncoding = 4; lastKnownFileType = sourcecode.c.h; explicitFileType = undefined; includeInIndex = 0; };
		7ED23389497C4AB3B3979D58 /* UNUserNotificationCenter+APPLocalNotification.h */ = {isa = PBXFileReference; name = "UNUserNotificationCenter+APPLocalNotification.h"; path = "cordova-plugin-local-notification/UNUserNotificationCenter+APPLocalNotification.h"; sourceTree = "<group>"; fileEncoding = 4; lastKnownFileType = sourcecode.c.h; explicitFileType = undefined; includeInIndex = 0; };
		BA8A877DBEB84F5DB38610D9 /* UNNotificationRequest+APPLocalNotification.h */ = {isa = PBXFileReference; name = "UNNotificationRequest+APPLocalNotification.h"; path = "cordova-plugin-local-notification/UNNotificationRequest+APPLocalNotification.h"; sourceTree = "<group>"; fileEncoding = 4; lastKnownFileType = sourcecode.c.h; explicitFileType = undefined; includeInIndex = 0; };
		78826C773E2E4127AE65E426 /* UserNotifications.framework */ = {isa = PBXFileReference; name = "UserNotifications.framework"; path = "System/Library/Frameworks/UserNotifications.framework"; sourceTree = SDKROOT; fileEncoding = undefined; lastKnownFileType = wrapper.framework; explicitFileType = undefined; includeInIndex = 0; };
		DF5A9ADDC3C04E73AEF4FFE0 /* CoreLocation.framework */ = {isa = PBXFileReference; name = "CoreLocation.framework"; path = "System/Library/Frameworks/CoreLocation.framework"; sourceTree = SDKROOT; fileEncoding = undefined; lastKnownFileType = wrapper.framework; explicitFileType = undefined; includeInIndex = 0; };
		EA0C924831AC471BA0BED5AF /* CDVSound.m */ = {isa = PBXFileReference; name = "CDVSound.m"; path = "cordova-plugin-media/CDVSound.m"; sourceTree = "<group>"; fileEncoding = 4; lastKnownFileType = sourcecode.c.objc; explicitFileType = undefined; includeInIndex = 0; };
		658CBF88C7E24B0EA6F5A081 /* CDVSound.h */ = {isa = PBXFileReference; name = "CDVSound.h"; path = "cordova-plugin-media/CDVSound.h"; sourceTree = "<group>"; fileEncoding = 4; lastKnownFileType = sourcecode.c.h; explicitFileType = undefined; includeInIndex = 0; };
		565EDF6F2FC94DFAB7767C95 /* NativeStorage.m */ = {isa = PBXFileReference; name = "NativeStorage.m"; path = "cordova-plugin-nativestorage/NativeStorage.m"; sourceTree = "<group>"; fileEncoding = 4; lastKnownFileType = sourcecode.c.objc; explicitFileType = undefined; includeInIndex = 0; };
		AA4CF9AB527B4B2195ED84CC /* NativeStorage.h */ = {isa = PBXFileReference; name = "NativeStorage.h"; path = "cordova-plugin-nativestorage/NativeStorage.h"; sourceTree = "<group>"; fileEncoding = 4; lastKnownFileType = sourcecode.c.h; explicitFileType = undefined; includeInIndex = 0; };
		6431AA1F245046AA952E8634 /* CDVConnection.m */ = {isa = PBXFileReference; name = "CDVConnection.m"; path = "cordova-plugin-network-information/CDVConnection.m"; sourceTree = "<group>"; fileEncoding = 4; lastKnownFileType = sourcecode.c.objc; explicitFileType = undefined; includeInIndex = 0; };
		24C2506E5B734FEBBF849381 /* CDVReachability.m */ = {isa = PBXFileReference; name = "CDVReachability.m"; path = "cordova-plugin-network-information/CDVReachability.m"; sourceTree = "<group>"; fileEncoding = 4; lastKnownFileType = sourcecode.c.objc; explicitFileType = undefined; includeInIndex = 0; };
		EC8695BB2B3A4219ACDD35A8 /* CDVConnection.h */ = {isa = PBXFileReference; name = "CDVConnection.h"; path = "cordova-plugin-network-information/CDVConnection.h"; sourceTree = "<group>"; fileEncoding = 4; lastKnownFileType = sourcecode.c.h; explicitFileType = undefined; includeInIndex = 0; };
		FEAED4CC5894451C99EF21EC /* CDVReachability.h */ = {isa = PBXFileReference; name = "CDVReachability.h"; path = "cordova-plugin-network-information/CDVReachability.h"; sourceTree = "<group>"; fileEncoding = 4; lastKnownFileType = sourcecode.c.h; explicitFileType = undefined; includeInIndex = 0; };
		267C993B8450411F91C49268 /* CoreTelephony.framework */ = {isa = PBXFileReference; name = "CoreTelephony.framework"; path = "System/Library/Frameworks/CoreTelephony.framework"; sourceTree = SDKROOT; fileEncoding = undefined; lastKnownFileType = wrapper.framework; explicitFileType = undefined; includeInIndex = 0; };
		A888E4BA78C14829A6EC2E40 /* CDVSplashScreen.m */ = {isa = PBXFileReference; name = "CDVSplashScreen.m"; path = "cordova-plugin-splashscreen/CDVSplashScreen.m"; sourceTree = "<group>"; fileEncoding = 4; lastKnownFileType = sourcecode.c.objc; explicitFileType = undefined; includeInIndex = 0; };
		A2FA18980ADE4C809F2E0578 /* CDVViewController+SplashScreen.m */ = {isa = PBXFileReference; name = "CDVViewController+SplashScreen.m"; path = "cordova-plugin-splashscreen/CDVViewController+SplashScreen.m"; sourceTree = "<group>"; fileEncoding = 4; lastKnownFileType = sourcecode.c.objc; explicitFileType = undefined; includeInIndex = 0; };
		72583F981B174307A42EC654 /* CDVSplashScreen.h */ = {isa = PBXFileReference; name = "CDVSplashScreen.h"; path = "cordova-plugin-splashscreen/CDVSplashScreen.h"; sourceTree = "<group>"; fileEncoding = 4; lastKnownFileType = sourcecode.c.h; explicitFileType = undefined; includeInIndex = 0; };
		3060665E14A948A3BC4EC993 /* CDVViewController+SplashScreen.h */ = {isa = PBXFileReference; name = "CDVViewController+SplashScreen.h"; path = "cordova-plugin-splashscreen/CDVViewController+SplashScreen.h"; sourceTree = "<group>"; fileEncoding = 4; lastKnownFileType = sourcecode.c.h; explicitFileType = undefined; includeInIndex = 0; };
		48A5E9570ECE4AA6B2F3E12E /* SQLitePlugin.m */ = {isa = PBXFileReference; name = "SQLitePlugin.m"; path = "cordova-sqlite-storage/SQLitePlugin.m"; sourceTree = "<group>"; fileEncoding = 4; lastKnownFileType = sourcecode.c.objc; explicitFileType = undefined; includeInIndex = 0; };
		8F96CF39BA714FD5BD2ECE89 /* PSPDFThreadSafeMutableDictionary.m */ = {isa = PBXFileReference; name = "PSPDFThreadSafeMutableDictionary.m"; path = "cordova-sqlite-storage/PSPDFThreadSafeMutableDictionary.m"; sourceTree = "<group>"; fileEncoding = 4; lastKnownFileType = sourcecode.c.objc; explicitFileType = undefined; includeInIndex = 0; };
		7E667687ACAF499A9B9DB70B /* sqlite3.c */ = {isa = PBXFileReference; name = "sqlite3.c"; path = "cordova-sqlite-storage/sqlite3.c"; sourceTree = "<group>"; fileEncoding = undefined; lastKnownFileType = unknown; explicitFileType = undefined; includeInIndex = 0; };
		996685D31A0C43E4B751A89D /* SQLitePlugin.h */ = {isa = PBXFileReference; name = "SQLitePlugin.h"; path = "cordova-sqlite-storage/SQLitePlugin.h"; sourceTree = "<group>"; fileEncoding = 4; lastKnownFileType = sourcecode.c.h; explicitFileType = undefined; includeInIndex = 0; };
		C065259C9C924AE3A94B87CB /* PSPDFThreadSafeMutableDictionary.h */ = {isa = PBXFileReference; name = "PSPDFThreadSafeMutableDictionary.h"; path = "cordova-sqlite-storage/PSPDFThreadSafeMutableDictionary.h"; sourceTree = "<group>"; fileEncoding = 4; lastKnownFileType = sourcecode.c.h; explicitFileType = undefined; includeInIndex = 0; };
		26D761B3778045B7A810EC67 /* sqlite3.h */ = {isa = PBXFileReference; name = "sqlite3.h"; path = "cordova-sqlite-storage/sqlite3.h"; sourceTree = "<group>"; fileEncoding = 4; lastKnownFileType = sourcecode.c.h; explicitFileType = undefined; includeInIndex = 0; };
		72E96B1F9E0846C384C71104 /* IonicKeyboard.m */ = {isa = PBXFileReference; name = "IonicKeyboard.m"; path = "ionic-plugin-keyboard/IonicKeyboard.m"; sourceTree = "<group>"; fileEncoding = 4; lastKnownFileType = sourcecode.c.objc; explicitFileType = undefined; includeInIndex = 0; };
		33348FB23E3B4EE9A921ED54 /* IonicKeyboard.h */ = {isa = PBXFileReference; name = "IonicKeyboard.h"; path = "ionic-plugin-keyboard/IonicKeyboard.h"; sourceTree = "<group>"; fileEncoding = 4; lastKnownFileType = sourcecode.c.h; explicitFileType = undefined; includeInIndex = 0; };
/* End PBXFileReference section */

/* Begin PBXFrameworksBuildPhase section */
		1D60588F0D05DD3D006BFB54 /* Frameworks */ = {
			isa = PBXFrameworksBuildPhase;
			buildActionMask = 2147483647;
			files = (
				301BF552109A68D80062928A /* libCordova.a in Frameworks */,
				7376EE0B44F840559A11C6F9 /* libGoogleAnalyticsServices.a in Frameworks */,
				C234014892E448A18CE2C6CC /* SystemConfiguration.framework in Frameworks */,
				CF1DE58E30524C4999A17F00 /* CoreData.framework in Frameworks */,
				3AD8EC43B89043849DF20897 /* libsqlite3.dylib in Frameworks */,
				369DB9EA9BF24E85A3AA7B87 /* libz.dylib in Frameworks */,
				1635AB0D52FB411AB6E12577 /* UIKit.framework in Frameworks */,
				6A3DCDFB63F543BD887D1E7B /* libz.tbd in Frameworks */,
				90F0DF9274AA441ABB4863C5 /* WebKit.framework in Frameworks */,
				DE86D0EBCD044FE99BECDCDA /* UserNotifications.framework in Frameworks */,
				F59F4EDCCF7E4EEC9C22103E /* CoreLocation.framework in Frameworks */,
				2B3A94A3D9334951989E7501 /* CoreTelephony.framework in Frameworks */,
			);
			runOnlyForDeploymentPostprocessing = 0;
		};
/* End PBXFrameworksBuildPhase section */

/* Begin PBXGroup section */
		080E96DDFE201D6D7F000001 /* Classes */ = {
			isa = PBXGroup;
			children = (
				302D95EE14D2391D003F00A1 /* MainViewController.h */,
				302D95EF14D2391D003F00A1 /* MainViewController.m */,
				302D95F014D2391D003F00A1 /* MainViewController.xib */,
				1D3623240D0F684500981E51 /* AppDelegate.h */,
				1D3623250D0F684500981E51 /* AppDelegate.m */,
			);
			name = Classes;
			path = "Gallo Pinto Calendar para Seniors/Classes";
			sourceTree = SOURCE_ROOT;
		};
		19C28FACFE9D520D11CA2CBB /* Products */ = {
			isa = PBXGroup;
			children = (
				1D6058910D05DD3D006BFB54 /* Gallo Pinto Calendar para Seniors.app */,
			);
			name = Products;
			sourceTree = "<group>";
		};
		29B97314FDCFA39411CA2CEA /* CustomTemplate */ = {
			isa = PBXGroup;
			children = (
				EB87FDF41871DAF40020F90C /* config.xml */,
				EB87FDF31871DA8E0020F90C /* www */,
				EB87FDF11871DA420020F90C /* Staging */,
				301BF52D109A57CC0062928A /* CordovaLib.xcodeproj */,
				080E96DDFE201D6D7F000001 /* Classes */,
				307C750510C5A3420062BCA9 /* Plugins */,
				29B97315FDCFA39411CA2CEA /* Other Sources */,
				29B97317FDCFA39411CA2CEA /* Resources */,
				29B97323FDCFA39411CA2CEA /* Frameworks */,
				19C28FACFE9D520D11CA2CBB /* Products */,
			);
			name = CustomTemplate;
			sourceTree = "<group>";
		};
		29B97315FDCFA39411CA2CEA /* Other Sources */ = {
			isa = PBXGroup;
			children = (
				32CA4F630368D1EE00C91783 /* Gallo Pinto Calendar para Seniors-Prefix.pch */,
				29B97316FDCFA39411CA2CEA /* main.m */,
				ED33DF2A687741AEAF9F8254 /* Bridging-Header.h */,
			);
			name = "Other Sources";
			path = "Gallo Pinto Calendar para Seniors";
			sourceTree = "<group>";
		};
		29B97317FDCFA39411CA2CEA /* Resources */ = {
			isa = PBXGroup;
			children = (
				0207DA571B56EA530066E2B4 /* Images.xcassets */,
				3047A50E1AB8057F00498E2A /* config */,
				8D1107310486CEB800E47090 /* Gallo Pinto Calendar para Seniors-Info.plist */,
				6AFF5BF81D6E424B00AB3073 /* CDVLaunchScreen.storyboard */,
			);
			name = Resources;
			path = "Gallo Pinto Calendar para Seniors/Resources";
			sourceTree = "<group>";
		};
		29B97323FDCFA39411CA2CEA /* Frameworks */ = {
			isa = PBXGroup;
			children = (
				D2F7405E94CA4B29A0FD032F /* libGoogleAnalyticsServices.a */,
				538AC8BF6FD14244AFB847C9 /* SystemConfiguration.framework */,
				C0EF0BD1CCF543B8B83762AD /* CoreData.framework */,
				E5293588E89A4478A57F7A08 /* libsqlite3.dylib */,
				54E13F2AEB53444CADFF8883 /* libz.dylib */,
				C9CDFF82569B45D98798E6E6 /* UIKit.framework */,
				93D54812B5964FB58E017E42 /* libz.tbd */,
				04629764220E41CD88391795 /* WebKit.framework */,
				78826C773E2E4127AE65E426 /* UserNotifications.framework */,
				DF5A9ADDC3C04E73AEF4FFE0 /* CoreLocation.framework */,
				267C993B8450411F91C49268 /* CoreTelephony.framework */,
			);
			name = Frameworks;
			sourceTree = "<group>";
		};
		301BF52E109A57CC0062928A /* Products */ = {
			isa = PBXGroup;
			children = (
				301BF535109A57CC0062928A /* libCordova.a */,
			);
			name = Products;
			sourceTree = "<group>";
		};
		3047A50E1AB8057F00498E2A /* config */ = {
			isa = PBXGroup;
			children = (
				3047A50F1AB8059700498E2A /* build-debug.xcconfig */,
				3047A5101AB8059700498E2A /* build-release.xcconfig */,
				3047A5111AB8059700498E2A /* build.xcconfig */,
			);
			name = config;
			sourceTree = "<group>";
		};
		307C750510C5A3420062BCA9 /* Plugins */ = {
			isa = PBXGroup;
			children = (
				339F8169104446D1977179AF /* GoogleAnalyticsPlugin.m */,
				CD7B63AA9204493AA1D66765 /* GAI.h */,
				60F27BC8CEF24F2391E184F7 /* GAIDictionaryBuilder.h */,
				9B2118F6098A4280ABDA8CA2 /* GAIEcommerceFields.h */,
				164E7A4933D34984900E7EE8 /* GAIEcommerceProduct.h */,
				AE7A78B7922D4BA7AB1F1436 /* GAIEcommerceProductAction.h */,
				999EAD7D3D8446AABFDA0468 /* GAIEcommercePromotion.h */,
				C91664DF2A834704A88147F2 /* GAIFields.h */,
				7AA0431D62E84EFDBEB4EDC2 /* GAILogger.h */,
				CC548F2D288C41E3B8AB25B9 /* GAITrackedViewController.h */,
				ADA54568546B4BEFA8EB44A3 /* GAITracker.h */,
				EC48BE896DD846BAA7CFF0E7 /* GoogleAnalyticsPlugin.h */,
				507112C296D44F04925DDD0D /* ASAM.m */,
				CF81A6BE75414908A0797E81 /* APPBadge.m */,
				1A1F5999BFBE457AAEBCF3F1 /* APPBadge.h */,
				642209F471B140938591A461 /* Brightness.m */,
				C6E15BFE7C31449E9BEBED8E /* Brightness.h */,
				CF1AF640B1344120ABDA65DE /* CDVDevice.m */,
				54BCF1A0B96A499AAD53708F /* CDVDevice.h */,
				DF07E40D14784B409DE40AD0 /* CDVFile.m */,
				753BD9FD31F34BCF9217D0D4 /* CDVLocalFilesystem.m */,
				F0466F92A5FF431B8ABADD33 /* CDVAssetLibraryFilesystem.m */,
				831B04584C58444B9755A4DA /* CDVFile.h */,
				4140F21421D94B0A9A314DE0 /* CDVLocalFilesystem.h */,
				735FAE9E38CA45E099F0E36F /* CDVAssetLibraryFilesystem.h */,
				22038C26937F4A72B50A03DE /* CDVFileTransfer.m */,
				D6999A9941514C1DB79F7DA2 /* CDVFileTransfer.h */,
				8814459939FA4FC59BE3E52C /* CDVGlobalization.m */,
				BEDFB87629234EFD81D2FB6E /* CDVGlobalization.h */,
				334C46CDE9134249A67F60D3 /* CDVWKWebViewEngine.m */,
				AF5C6AAB0603412E86479BE9 /* CDVWKWebViewUIDelegate.m */,
				8DC3A45F27A04128B80CEDE4 /* CDVWKProcessPoolFactory.m */,
				5C39A9CC964F48EB815C0D8B /* GCDWebServer.m */,
				BD1E6AE0F6CD4FB4989D5ED0 /* GCDWebServerConnection.m */,
				D6D19016E8C14ABB9267310A /* GCDWebServerFunctions.m */,
				58BFB0899A9E4504854FD93C /* GCDWebServerRequest.m */,
				EBC4D61B9F7942AB99B61F60 /* GCDWebServerResponse.m */,
				438AFF9F5FC94E26ACC609D4 /* GCDWebServerDataRequest.m */,
				172857FC71C64BFCB254B848 /* GCDWebServerFileRequest.m */,
				8D7B974FBFED4D5186226166 /* GCDWebServerMultiPartFormRequest.m */,
				F40F5255540D422EA668305F /* GCDWebServerURLEncodedFormRequest.m */,
				30BE2A0EDD974AD3998EE79C /* GCDWebServerDataResponse.m */,
				0D6511A0075B4514A21CD727 /* GCDWebServerErrorResponse.m */,
				1939788BA2204111B881289A /* GCDWebServerFileResponse.m */,
				2BA453DC8C7D449FA5E5735A /* GCDWebServerStreamedResponse.m */,
				D2EE9027B76749A0B9F050C8 /* CDVWKWebViewEngine.h */,
				DD0FE0FABEDE4A6686FCBAFB /* CDVWKWebViewUIDelegate.h */,
				2F288B26A9DC4DA7A1C8672F /* CDVWKProcessPoolFactory.h */,
				F1CF6BF256AC4F44B95C6C25 /* GCDWebServer.h */,
				A1910EBE46414468960C29F5 /* GCDWebServerConnection.h */,
				C8D706FC7D0E4D4DA76CA068 /* GCDWebServerFunctions.h */,
				675D096F227E46988A29A33D /* GCDWebServerHTTPStatusCodes.h */,
				EA860067C6EF4B7BBFB23011 /* GCDWebServerPrivate.h */,
				D64C71784E6D437AA7EE4A81 /* GCDWebServerRequest.h */,
				A91203743DFA4739A32A9299 /* GCDWebServerResponse.h */,
				60CFBA0BA64541D98CF0F860 /* GCDWebServerDataRequest.h */,
				AE77397DB6DD4701992415EF /* GCDWebServerFileRequest.h */,
				63D4E6B12D0B45349C445062 /* GCDWebServerMultiPartFormRequest.h */,
				AEBA9A4996534791A330DFC7 /* GCDWebServerURLEncodedFormRequest.h */,
				89B4EB10FA2D48E28D782DB2 /* GCDWebServerDataResponse.h */,
				316758E40C1843239EDFB8A8 /* GCDWebServerErrorResponse.h */,
				2234892B33C344E9B0B2526D /* GCDWebServerFileResponse.h */,
				06A257E046D440248158C9DF /* GCDWebServerStreamedResponse.h */,
				49CD33803EE94445AB6E6CD8 /* APPLocalNotification.m */,
				EAFC47A9EB2344A8837B4962 /* APPNotificationContent.m */,
				A857161A6EE348528967FEC3 /* APPNotificationOptions.m */,
				83FE40D31218445B86160418 /* UNUserNotificationCenter+APPLocalNotification.m */,
				2967185FF19A48D68D09E1A1 /* UNNotificationRequest+APPLocalNotification.m */,
				E0891FC597544B34B351165F /* APPLocalNotification.h */,
				2BED2BF89996442787681EF3 /* APPNotificationContent.h */,
				FA500B16B4EA4FBC8B83EDF8 /* APPNotificationOptions.h */,
				7ED23389497C4AB3B3979D58 /* UNUserNotificationCenter+APPLocalNotification.h */,
				BA8A877DBEB84F5DB38610D9 /* UNNotificationRequest+APPLocalNotification.h */,
				EA0C924831AC471BA0BED5AF /* CDVSound.m */,
				658CBF88C7E24B0EA6F5A081 /* CDVSound.h */,
				565EDF6F2FC94DFAB7767C95 /* NativeStorage.m */,
				AA4CF9AB527B4B2195ED84CC /* NativeStorage.h */,
				6431AA1F245046AA952E8634 /* CDVConnection.m */,
				24C2506E5B734FEBBF849381 /* CDVReachability.m */,
				EC8695BB2B3A4219ACDD35A8 /* CDVConnection.h */,
				FEAED4CC5894451C99EF21EC /* CDVReachability.h */,
				A888E4BA78C14829A6EC2E40 /* CDVSplashScreen.m */,
				A2FA18980ADE4C809F2E0578 /* CDVViewController+SplashScreen.m */,
				72583F981B174307A42EC654 /* CDVSplashScreen.h */,
				3060665E14A948A3BC4EC993 /* CDVViewController+SplashScreen.h */,
				48A5E9570ECE4AA6B2F3E12E /* SQLitePlugin.m */,
				8F96CF39BA714FD5BD2ECE89 /* PSPDFThreadSafeMutableDictionary.m */,
				7E667687ACAF499A9B9DB70B /* sqlite3.c */,
				996685D31A0C43E4B751A89D /* SQLitePlugin.h */,
				C065259C9C924AE3A94B87CB /* PSPDFThreadSafeMutableDictionary.h */,
				26D761B3778045B7A810EC67 /* sqlite3.h */,
				72E96B1F9E0846C384C71104 /* IonicKeyboard.m */,
				33348FB23E3B4EE9A921ED54 /* IonicKeyboard.h */,
			);
			name = Plugins;
			path = "Gallo Pinto Calendar para Seniors/Plugins";
			sourceTree = SOURCE_ROOT;
		};
		EB87FDF11871DA420020F90C /* Staging */ = {
			isa = PBXGroup;
			children = (
				F840E1F0165FE0F500CFE078 /* config.xml */,
				301BF56E109A69640062928A /* www */,
			);
			name = Staging;
			sourceTree = "<group>";
		};
/* End PBXGroup section */

/* Begin PBXNativeTarget section */
		1D6058900D05DD3D006BFB54 /* Gallo Pinto Calendar para Seniors */ = {
			isa = PBXNativeTarget;
			buildConfigurationList = 1D6058960D05DD3E006BFB54 /* Build configuration list for PBXNativeTarget "Gallo Pinto Calendar para Seniors" */;
			buildPhases = (
				304B58A110DAC018002A0835 /* Copy www directory */,
				1D60588D0D05DD3D006BFB54 /* Resources */,
				1D60588E0D05DD3D006BFB54 /* Sources */,
				1D60588F0D05DD3D006BFB54 /* Frameworks */,
			);
			buildRules = (
			);
			dependencies = (
				301BF551109A68C00062928A /* PBXTargetDependency */,
			);
			name = "Gallo Pinto Calendar para Seniors";
			productName = "Gallo Pinto Calendar para Seniors";
			productReference = 1D6058910D05DD3D006BFB54 /* Gallo Pinto Calendar para Seniors.app */;
			productType = "com.apple.product-type.application";
		};
/* End PBXNativeTarget section */

/* Begin PBXProject section */
		29B97313FDCFA39411CA2CEA /* Project object */ = {
			isa = PBXProject;
			attributes = {
				LastUpgradeCheck = 510;
			};
			buildConfigurationList = C01FCF4E08A954540054247B /* Build configuration list for PBXProject "__NON-CLI__" */;
			compatibilityVersion = "Xcode 3.2";
			developmentRegion = English;
			hasScannedForEncodings = 1;
			mainGroup = 29B97314FDCFA39411CA2CEA /* CustomTemplate */;
			projectDirPath = "";
			projectReferences = (
				{
					ProductGroup = 301BF52E109A57CC0062928A /* Products */;
					ProjectRef = 301BF52D109A57CC0062928A /* CordovaLib.xcodeproj */;
				},
			);
			projectRoot = "";
			targets = (
				1D6058900D05DD3D006BFB54 /* Gallo Pinto Calendar para Seniors */,
			);
		};
/* End PBXProject section */

/* Begin PBXReferenceProxy section */
		301BF535109A57CC0062928A /* libCordova.a */ = {
			isa = PBXReferenceProxy;
			fileType = archive.ar;
			path = libCordova.a;
			remoteRef = 301BF534109A57CC0062928A /* PBXContainerItemProxy */;
			sourceTree = BUILT_PRODUCTS_DIR;
		};
/* End PBXReferenceProxy section */

/* Begin PBXResourcesBuildPhase section */
		1D60588D0D05DD3D006BFB54 /* Resources */ = {
			isa = PBXResourcesBuildPhase;
			buildActionMask = 2147483647;
			files = (
				302D95F214D2391D003F00A1 /* MainViewController.xib in Resources */,
				0207DA581B56EA530066E2B4 /* Images.xcassets in Resources */,
				6AFF5BF91D6E424B00AB3073 /* CDVLaunchScreen.storyboard in Resources */,
			);
			runOnlyForDeploymentPostprocessing = 0;
		};
/* End PBXResourcesBuildPhase section */

/* Begin PBXShellScriptBuildPhase section */
		304B58A110DAC018002A0835 /* Copy www directory */ = {
			isa = PBXShellScriptBuildPhase;
			buildActionMask = 2147483647;
			files = (
			);
			inputPaths = (
			);
			name = "Copy www directory";
			outputPaths = (
			);
			runOnlyForDeploymentPostprocessing = 0;
			shellPath = /bin/sh;
			shellScript = "NODEJS_PATH=/usr/local/bin; NVM_NODE_PATH=~/.nvm/versions/node/`nvm version 2>/dev/null`/bin; N_NODE_PATH=`find /usr/local/n/versions/node/* -maxdepth 0 -type d 2>/dev/null | tail -1`/bin; XCODE_NODE_PATH=`xcode-select --print-path`/usr/share/xcs/Node/bin; PATH=$NODEJS_PATH:$NVM_NODE_PATH:$N_NODE_PATH:$XCODE_NODE_PATH:$PATH && node cordova/lib/copy-www-build-step.js";
			showEnvVarsInLog = 0;
		};
/* End PBXShellScriptBuildPhase section */

/* Begin PBXSourcesBuildPhase section */
		1D60588E0D05DD3D006BFB54 /* Sources */ = {
			isa = PBXSourcesBuildPhase;
			buildActionMask = 2147483647;
			files = (
				1D60589B0D05DD56006BFB54 /* main.m in Sources */,
				1D3623260D0F684500981E51 /* AppDelegate.m in Sources */,
				302D95F114D2391D003F00A1 /* MainViewController.m in Sources */,
				3DAA5F2F542C4E8494A3601C /* GoogleAnalyticsPlugin.m in Sources */,
				7BCD9B102F34479BB24D50CF /* ASAM.m in Sources */,
				D3AB65137E5C4400A74ECF70 /* APPBadge.m in Sources */,
				D422108AC7794AEAA5A95A14 /* Brightness.m in Sources */,
				DC2519BE9CC94AAD938EE0E5 /* CDVDevice.m in Sources */,
				136BB871035F411F82CB0DA4 /* CDVFile.m in Sources */,
				AAB1B2A895004DDE95CAE54C /* CDVLocalFilesystem.m in Sources */,
				6840F895E7B14F6BA3F9CEEA /* CDVAssetLibraryFilesystem.m in Sources */,
				4AC92F3AD3134CD6BEECE51E /* CDVFileTransfer.m in Sources */,
				59B00D1D756F42A48A972714 /* CDVGlobalization.m in Sources */,
				BD3C2B49CF3C4B519E8171BF /* CDVWKWebViewEngine.m in Sources */,
				F79D2E7738164CAD943D9AEC /* CDVWKWebViewUIDelegate.m in Sources */,
				86D43CAC2A5447479B355DEC /* CDVWKProcessPoolFactory.m in Sources */,
				4AFE431C90534267A2A61291 /* GCDWebServer.m in Sources */,
				8402E469846444DD9B673A0A /* GCDWebServerConnection.m in Sources */,
				9F0A39179CA44D8084AAE819 /* GCDWebServerFunctions.m in Sources */,
				082D79EBE623466CA313A9DE /* GCDWebServerRequest.m in Sources */,
				A8A152C594C84194A1CED357 /* GCDWebServerResponse.m in Sources */,
				366042B6EAC44791998F8DB1 /* GCDWebServerDataRequest.m in Sources */,
				F4B47DBFC50E47EF8D4AF11F /* GCDWebServerFileRequest.m in Sources */,
				EAA2F78188FE4165BB7A5C8E /* GCDWebServerMultiPartFormRequest.m in Sources */,
				DCF94CA02112408B8BD52C03 /* GCDWebServerURLEncodedFormRequest.m in Sources */,
				29E8FBC68315460DB68413CC /* GCDWebServerDataResponse.m in Sources */,
				7E8374D187DD4FA3B0B1F63F /* GCDWebServerErrorResponse.m in Sources */,
				C7A80E5C226B475DA8A9D3FB /* GCDWebServerFileResponse.m in Sources */,
				C50C3BD556274B5BB5DF4AC8 /* GCDWebServerStreamedResponse.m in Sources */,
				26B7A4AF4CA14B52B23DD8F4 /* APPLocalNotification.m in Sources */,
				61C6D6E38D3947A2BC0B6876 /* APPNotificationContent.m in Sources */,
				039C86CE9DD84C89955DFA54 /* APPNotificationOptions.m in Sources */,
				F113A8DF900045E49B932235 /* UNUserNotificationCenter+APPLocalNotification.m in Sources */,
				9B620C3F4A1A416C95278A8F /* UNNotificationRequest+APPLocalNotification.m in Sources */,
				A6666F2569E94B5CB34FD3A3 /* CDVSound.m in Sources */,
				5014F7BF55824C78887732DA /* NativeStorage.m in Sources */,
				3473C9FD61B04B6EBA5A10F5 /* CDVConnection.m in Sources */,
				1B054E8DEBFA4636827A91A6 /* CDVReachability.m in Sources */,
				E8D693D00A604B929A020D98 /* CDVSplashScreen.m in Sources */,
				926514D3573648EB937E3B4E /* CDVViewController+SplashScreen.m in Sources */,
				3819708D5552406E95626FB0 /* SQLitePlugin.m in Sources */,
				1758C3FCD7D441E1AB276CD8 /* PSPDFThreadSafeMutableDictionary.m in Sources */,
				B8941975A10F4E3E8F97DF5B /* sqlite3.c in Resources */,
				3FE11239B74B4050AA8A0FAC /* IonicKeyboard.m in Sources */,
			);
			runOnlyForDeploymentPostprocessing = 0;
		};
/* End PBXSourcesBuildPhase section */

/* Begin PBXTargetDependency section */
		301BF551109A68C00062928A /* PBXTargetDependency */ = {
			isa = PBXTargetDependency;
			name = CordovaLib;
			targetProxy = 301BF550109A68C00062928A /* PBXContainerItemProxy */;
		};
/* End PBXTargetDependency section */

/* Begin XCBuildConfiguration section */
		1D6058940D05DD3E006BFB54 /* Debug */ = {
			isa = XCBuildConfiguration;
			baseConfigurationReference = 3047A50F1AB8059700498E2A /* build-debug.xcconfig */;
			buildSettings = {
				ALWAYS_SEARCH_USER_PATHS = NO;
				ASSETCATALOG_COMPILER_APPICON_NAME = AppIcon;
				ASSETCATALOG_COMPILER_LAUNCHIMAGE_NAME = LaunchImage;
				CLANG_ENABLE_MODULES = YES;
				CLANG_ENABLE_OBJC_ARC = YES;
				COPY_PHASE_STRIP = NO;
				GCC_DYNAMIC_NO_PIC = NO;
				GCC_OPTIMIZATION_LEVEL = 0;
				GCC_PRECOMPILE_PREFIX_HEADER = YES;
				GCC_PREFIX_HEADER = "Gallo Pinto Calendar para Seniors/Gallo Pinto Calendar para Seniors-Prefix.pch";
				GCC_THUMB_SUPPORT = NO;
				GCC_VERSION = "";
				INFOPLIST_FILE = "Gallo Pinto Calendar para Seniors/Gallo Pinto Calendar para Seniors-Info.plist";
				IPHONEOS_DEPLOYMENT_TARGET = 9.0;
				LD_RUNPATH_SEARCH_PATHS = "@executable_path/Frameworks";
				TARGETED_DEVICE_FAMILY = "1,2";
				PRODUCT_NAME = "Gallo Pinto Calendar para Seniors";
				LIBRARY_SEARCH_PATHS = (
					"$(inherited)",
					"\"$(SRCROOT)/Gallo Pinto Calendar para Seniors/Plugins/com.cmackay.plugins.googleanalytics\"",
				);
			};
			name = Debug;
		};
		1D6058950D05DD3E006BFB54 /* Release */ = {
			isa = XCBuildConfiguration;
			baseConfigurationReference = 3047A5101AB8059700498E2A /* build-release.xcconfig */;
			buildSettings = {
				ALWAYS_SEARCH_USER_PATHS = NO;
				ASSETCATALOG_COMPILER_APPICON_NAME = AppIcon;
				ASSETCATALOG_COMPILER_LAUNCHIMAGE_NAME = LaunchImage;
				CLANG_ENABLE_MODULES = YES;
				CLANG_ENABLE_OBJC_ARC = YES;
				COPY_PHASE_STRIP = YES;
				GCC_PRECOMPILE_PREFIX_HEADER = YES;
				GCC_PREFIX_HEADER = "Gallo Pinto Calendar para Seniors/Gallo Pinto Calendar para Seniors-Prefix.pch";
				GCC_THUMB_SUPPORT = NO;
				GCC_VERSION = "";
				INFOPLIST_FILE = "Gallo Pinto Calendar para Seniors/Gallo Pinto Calendar para Seniors-Info.plist";
				IPHONEOS_DEPLOYMENT_TARGET = 9.0;
				LD_RUNPATH_SEARCH_PATHS = "@executable_path/Frameworks";
				TARGETED_DEVICE_FAMILY = "1,2";
				PRODUCT_NAME = "Gallo Pinto Calendar para Seniors";
				LIBRARY_SEARCH_PATHS = (
					"$(inherited)",
					"\"$(SRCROOT)/Gallo Pinto Calendar para Seniors/Plugins/com.cmackay.plugins.googleanalytics\"",
				);
			};
			name = Release;
		};
		C01FCF4F08A954540054247B /* Debug */ = {
			isa = XCBuildConfiguration;
			baseConfigurationReference = 3047A5111AB8059700498E2A /* build.xcconfig */;
			buildSettings = {
				CLANG_ENABLE_MODULES = YES;
				CLANG_ENABLE_OBJC_ARC = YES;
				CLANG_WARN_BOOL_CONVERSION = YES;
				CLANG_WARN_CONSTANT_CONVERSION = YES;
				CLANG_WARN_EMPTY_BODY = YES;
				CLANG_WARN_ENUM_CONVERSION = YES;
				CLANG_WARN_INT_CONVERSION = YES;
				CLANG_WARN__DUPLICATE_METHOD_MATCH = YES;
				GCC_C_LANGUAGE_STANDARD = c99;
				GCC_THUMB_SUPPORT = NO;
				GCC_VERSION = "";
				GCC_WARN_ABOUT_RETURN_TYPE = YES;
				GCC_WARN_UNDECLARED_SELECTOR = YES;
				GCC_WARN_UNINITIALIZED_AUTOS = YES;
				GCC_WARN_UNUSED_FUNCTION = YES;
				GCC_WARN_UNUSED_VARIABLE = YES;
				ONLY_ACTIVE_ARCH = YES;
				SDKROOT = iphoneos;
				SKIP_INSTALL = NO;
			};
			name = Debug;
		};
		C01FCF5008A954540054247B /* Release */ = {
			isa = XCBuildConfiguration;
			baseConfigurationReference = 3047A5111AB8059700498E2A /* build.xcconfig */;
			buildSettings = {
				CLANG_ENABLE_MODULES = YES;
				CLANG_ENABLE_OBJC_ARC = YES;
				CLANG_WARN_BOOL_CONVERSION = YES;
				CLANG_WARN_CONSTANT_CONVERSION = YES;
				CLANG_WARN_EMPTY_BODY = YES;
				CLANG_WARN_ENUM_CONVERSION = YES;
				CLANG_WARN_INT_CONVERSION = YES;
				CLANG_WARN__DUPLICATE_METHOD_MATCH = YES;
				GCC_C_LANGUAGE_STANDARD = c99;
				GCC_THUMB_SUPPORT = NO;
				GCC_VERSION = "";
				GCC_WARN_ABOUT_RETURN_TYPE = YES;
				GCC_WARN_UNDECLARED_SELECTOR = YES;
				GCC_WARN_UNINITIALIZED_AUTOS = YES;
				GCC_WARN_UNUSED_FUNCTION = YES;
				GCC_WARN_UNUSED_VARIABLE = YES;
				SDKROOT = iphoneos;
				SKIP_INSTALL = NO;
			};
			name = Release;
		};
/* End XCBuildConfiguration section */

/* Begin XCConfigurationList section */
		1D6058960D05DD3E006BFB54 /* Build configuration list for PBXNativeTarget "Gallo Pinto Calendar para Seniors" */ = {
			isa = XCConfigurationList;
			buildConfigurations = (
				1D6058940D05DD3E006BFB54 /* Debug */,
				1D6058950D05DD3E006BFB54 /* Release */,
			);
			defaultConfigurationIsVisible = 0;
			defaultConfigurationName = Release;
		};
		C01FCF4E08A954540054247B /* Build configuration list for PBXProject "__NON-CLI__" */ = {
			isa = XCConfigurationList;
			buildConfigurations = (
				C01FCF4F08A954540054247B /* Debug */,
				C01FCF5008A954540054247B /* Release */,
			);
			defaultConfigurationIsVisible = 0;
			defaultConfigurationName = Release;
		};
/* End XCConfigurationList section */
	};
	rootObject = 29B97313FDCFA39411CA2CEA /* Project object */;
}
